Microsoft Visual Studio Solution File, Format Version 11.00
# Visual Studio 2008

Project("{15B68A40-EB12-3A62-A3AE-0C3C29E9F64F}") = "AudioYard", "Assembly-CSharp-firstpass.csproj", "{95D99A41-19B7-BD1C-729F-1FDA0D348F64}"
EndProject
Project("{15B68A40-EB12-3A62-A3AE-0C3C29E9F64F}") = "AudioYard", "Assembly-CSharp.csproj", "{B1FAB7E3-C343-012F-C9CF-7E81A84D20AD}"
EndProject
Project("{15B68A40-EB12-3A62-A3AE-0C3C29E9F64F}") = "AudioYard", "Assembly-CSharp-Editor.csproj", "{7C371D25-D938-801F-20C2-96DA7F79D8D7}"
EndProject
Global
	GlobalSection(SolutionConfigurationPlatforms) = preSolution
		Debug|Any CPU = Debug|Any CPU
		Release|Any CPU = Release|Any CPU
	EndGlobalSection
	GlobalSection(ProjectConfigurationPlatforms) = postSolution
		{95D99A41-19B7-BD1C-729F-1FDA0D348F64}.Debug|Any CPU.ActiveCfg = Debug|Any CPU
		{95D99A41-19B7-BD1C-729F-1FDA0D348F64}.Debug|Any CPU.Build.0 = Debug|Any CPU
		{95D99A41-19B7-BD1C-729F-1FDA0D348F64}.Release|Any CPU.ActiveCfg = Release|Any CPU
		{95D99A41-19B7-BD1C-729F-1FDA0D348F64}.Release|Any CPU.Build.0 = Release|Any CPU
		{B1FAB7E3-C343-012F-C9CF-7E81A84D20AD}.Debug|Any CPU.ActiveCfg = Debug|Any CPU
		{B1FAB7E3-C343-012F-C9CF-7E81A84D20AD}.Debug|Any CPU.Build.0 = Debug|Any CPU
		{B1FAB7E3-C343-012F-C9CF-7E81A84D20AD}.Release|Any CPU.ActiveCfg = Release|Any CPU
		{B1FAB7E3-C343-012F-C9CF-7E81A84D20AD}.Release|Any CPU.Build.0 = Release|Any CPU
		{7C371D25-D938-801F-20C2-96DA7F79D8D7}.Debug|Any CPU.ActiveCfg = Debug|Any CPU
		{7C371D25-D938-801F-20C2-96DA7F79D8D7}.Debug|Any CPU.Build.0 = Debug|Any CPU
		{7C371D25-D938-801F-20C2-96DA7F79D8D7}.Release|Any CPU.ActiveCfg = Release|Any CPU
		{7C371D25-D938-801F-20C2-96DA7F79D8D7}.Release|Any CPU.Build.0 = Release|Any CPU
	EndGlobalSection
	GlobalSection(SolutionProperties) = preSolution
		HideSolutionNode = FALSE
	EndGlobalSection
																																																																																		GlobalSection(MonoDevelopProperties) = preSolution
		StartupItem = Assembly-CSharp.csproj
		Policies = $0
		$0.TextStylePolicy = $1
		$1.inheritsSet = null
		$1.scope = text/x-csharp
		$0.CSharpFormattingPolicy = $2
		$2.inheritsSet = Mono
		$2.inheritsScope = text/x-csharp
		$2.scope = text/x-csharp
		$0.TextStylePolicy = $3
		$3.FileWidth = 120
		$3.TabWidth = 4
		$3.IndentWidth = 4
		$3.EolMarker = Unix
		$3.inheritsSet = Mono
		$3.inheritsScope = text/plain
		$3.scope = text/plain
	EndGlobalSection

EndGlobal
